
Microsoft Visual Studio Solution File, Format Version 12.00
# Visual Studio Version 17
VisualStudioVersion = 17.7.34221.43
MinimumVisualStudioVersion = 10.0.40219.1
Project("{9A19103F-16F7-4668-BE54-9A1E7A4F7556}") = "THTDotNetCore.ConsoleApp", "THT.ConsoleApp\THTDotNetCore.ConsoleApp.csproj", "{D41B3E31-D2F1-4F15-819A-7CB8BA01EC39}"
EndProject
Project("{9A19103F-16F7-4668-BE54-9A1E7A4F7556}") = "THTDotNetCore.RestApi", "THTDotNetCore.RestApi\THTDotNetCore.RestApi.csproj", "{A1A8B2E8-E16C-41A9-A0A7-6FFD7B7A44A1}"
EndProject
Global
	GlobalSection(SolutionConfigurationPlatforms) = preSolution
		Debug|Any CPU = Debug|Any CPU
		Release|Any CPU = Release|Any CPU
	EndGlobalSection
	GlobalSection(ProjectConfigurationPlatforms) = postSolution
		{D41B3E31-D2F1-4F15-819A-7CB8BA01EC39}.Debug|Any CPU.ActiveCfg = Debug|Any CPU
		{D41B3E31-D2F1-4F15-819A-7CB8BA01EC39}.Debug|Any CPU.Build.0 = Debug|Any CPU
		{D41B3E31-D2F1-4F15-819A-7CB8BA01EC39}.Release|Any CPU.ActiveCfg = Release|Any CPU
		{D41B3E31-D2F1-4F15-819A-7CB8BA01EC39}.Release|Any CPU.Build.0 = Release|Any CPU
		{A1A8B2E8-E16C-41A9-A0A7-6FFD7B7A44A1}.Debug|Any CPU.ActiveCfg = Debug|Any CPU
		{A1A8B2E8-E16C-41A9-A0A7-6FFD7B7A44A1}.Debug|Any CPU.Build.0 = Debug|Any CPU
		{A1A8B2E8-E16C-41A9-A0A7-6FFD7B7A44A1}.Release|Any CPU.ActiveCfg = Release|Any CPU
		{A1A8B2E8-E16C-41A9-A0A7-6FFD7B7A44A1}.Release|Any CPU.Build.0 = Release|Any CPU
	EndGlobalSection
	GlobalSection(SolutionProperties) = preSolution
		HideSolutionNode = FALSE
	EndGlobalSection
	GlobalSection(ExtensibilityGlobals) = postSolution
		SolutionGuid = {21CC53FE-5DA4-4390-87CA-9D416E1FF1E0}
	EndGlobalSection
EndGlobal
